{
    "_readme": [
        "This file locks the dependencies of your project to a known state",
        "Read more about it at https://getcomposer.org/doc/01-basic-usage.md#installing-dependencies",
        "This file is @generated automatically"
    ],
    "content-hash": "7b06258e5354b389642419fd8e6c6df3",
    "packages": [
        {
            "name": "prestashop/module-lib-mbo-installer",
            "version": "v3.0.0",
            "source": {
                "type": "git",
                "url": "https://github.com/PrestaShopCorp/module-lib-mbo-installer.git",
                "reference": "46fbb457e9241b4f8b0c3f9fdabcb9feba0d0303"
            },
            "dist": {
                "type": "zip",
                "url": "https://api.github.com/repos/PrestaShopCorp/module-lib-mbo-installer/zipball/46fbb457e9241b4f8b0c3f9fdabcb9feba0d0303",
                "reference": "46fbb457e9241b4f8b0c3f9fdabcb9feba0d0303",
                "shasum": ""
            },
            "require": {
                "ext-json": "*",
                "php": ">=5.6"
            },
            "require-dev": {
                "phpstan/phpstan": "^1.9",
                "phpunit/phpunit": "^9.5|^8.5|^5.7",
                "prestashop/php-dev-tools": "^4.2|^3.16"
            },
            "type": "library",
            "autoload": {
                "psr-4": {
                    "Prestashop\\ModuleLibMboInstaller\\": "src/"
                }
            },
            "notification-url": "https://packagist.org/downloads/",
            "license": [
                "AFL-3.0"
            ],
            "authors": [
                {
                    "name": "PrestaShop SA",
                    "email": "contact@prestashop.com"
                },
                {
                    "name": "Mikatux",
                    "email": "mickael@mayeur.eu"
                }
            ],
            "description": "A helper to ease the download PS MBO from the Addons Marketplace",
            "support": {
                "issues": "https://github.com/PrestaShopCorp/module-lib-mbo-installer/issues",
                "source": "https://github.com/PrestaShopCorp/module-lib-mbo-installer/tree/v3.0.0"
            },
            "time": "2025-02-24T15:19:05+00:00"
        }
    ],
    "packages-dev": [],
    "aliases": [],
    "minimum-stability": "dev",
    "stability-flags": {},
    "prefer-stable": true,
    "prefer-lowest": false,
    "platform": {
        "php": ">=7.2"
    },
    "platform-dev": {},
    "plugin-api-version": "2.6.0"
}
